
Microsoft Visual Studio Solution File, Format Version 12.00
# Visual Studio 15
VisualStudioVersion = 15.0.28307.852
MinimumVisualStudioVersion = 10.0.40219.1
Project("{FAE04EC0-301F-11D3-BF4B-00C04F79EFBC}") = "ServicePredictor", "ServicePredictor\ServicePredictor.csproj", "{4ED65592-B43B-4E20-8CF1-F3F580606AAE}"
EndProject
Project("{FAE04EC0-301F-11D3-BF4B-00C04F79EFBC}") = "ServicePredictor.Tests", "ServicePredictor.Tests\ServicePredictor.Tests.csproj", "{A7FD29AE-5F91-47D1-9935-A52C96AF8EAC}"
EndProject
Global
	GlobalSection(SolutionConfigurationPlatforms) = preSolution
		Debug|Any CPU = Debug|Any CPU
		Release|Any CPU = Release|Any CPU
	EndGlobalSection
	GlobalSection(ProjectConfigurationPlatforms) = postSolution
		{4ED65592-B43B-4E20-8CF1-F3F580606AAE}.Debug|Any CPU.ActiveCfg = Debug|Any CPU
		{4ED65592-B43B-4E20-8CF1-F3F580606AAE}.Debug|Any CPU.Build.0 = Debug|Any CPU
		{4ED65592-B43B-4E20-8CF1-F3F580606AAE}.Release|Any CPU.ActiveCfg = Release|Any CPU
		{4ED65592-B43B-4E20-8CF1-F3F580606AAE}.Release|Any CPU.Build.0 = Release|Any CPU
		{A7FD29AE-5F91-47D1-9935-A52C96AF8EAC}.Debug|Any CPU.ActiveCfg = Debug|Any CPU
		{A7FD29AE-5F91-47D1-9935-A52C96AF8EAC}.Debug|Any CPU.Build.0 = Debug|Any CPU
		{A7FD29AE-5F91-47D1-9935-A52C96AF8EAC}.Release|Any CPU.ActiveCfg = Release|Any CPU
		{A7FD29AE-5F91-47D1-9935-A52C96AF8EAC}.Release|Any CPU.Build.0 = Release|Any CPU
	EndGlobalSection
	GlobalSection(SolutionProperties) = preSolution
		HideSolutionNode = FALSE
	EndGlobalSection
	GlobalSection(ExtensibilityGlobals) = postSolution
		SolutionGuid = {CA8DF3B7-D237-4CEF-8C24-6C195FF4F7B0}
	EndGlobalSection
EndGlobal
